
Microsoft Visual Studio Solution File, Format Version 12.00
# Visual Studio Version 16
VisualStudioVersion = 16.0.30914.41
MinimumVisualStudioVersion = 10.0.40219.1
Project("{FAE04EC0-301F-11D3-BF4B-00C04F79EFBC}") = "IdentityDemo.Blazor.Server", "IdentityDemo.Blazor\Server\IdentityDemo.Blazor.Server.csproj", "{8D7284FD-6B16-48AB-B22C-6F9791ED8516}"
EndProject
Project("{FAE04EC0-301F-11D3-BF4B-00C04F79EFBC}") = "IdentityDemo.Blazor.Client", "IdentityDemo.Blazor\Client\IdentityDemo.Blazor.Client.csproj", "{87C03C25-F6CC-4642-A82C-B573CABF055F}"
EndProject
Project("{FAE04EC0-301F-11D3-BF4B-00C04F79EFBC}") = "IdentityDemo.Blazor.Shared", "IdentityDemo.Blazor\Shared\IdentityDemo.Blazor.Shared.csproj", "{34DA2690-41D3-4C13-88A7-A0217906CE09}"
EndProject
Project("{FAE04EC0-301F-11D3-BF4B-00C04F79EFBC}") = "IdentityDemo.Identity", "IdentityDemo.Identity\IdentityDemo.Identity.csproj", "{C20D6306-0242-4A32-9BC8-6F393A00EC51}"
EndProject
Global
	GlobalSection(SolutionConfigurationPlatforms) = preSolution
		Debug|Any CPU = Debug|Any CPU
		Release|Any CPU = Release|Any CPU
	EndGlobalSection
	GlobalSection(ProjectConfigurationPlatforms) = postSolution
		{8D7284FD-6B16-48AB-B22C-6F9791ED8516}.Debug|Any CPU.ActiveCfg = Debug|Any CPU
		{8D7284FD-6B16-48AB-B22C-6F9791ED8516}.Debug|Any CPU.Build.0 = Debug|Any CPU
		{8D7284FD-6B16-48AB-B22C-6F9791ED8516}.Release|Any CPU.ActiveCfg = Release|Any CPU
		{8D7284FD-6B16-48AB-B22C-6F9791ED8516}.Release|Any CPU.Build.0 = Release|Any CPU
		{87C03C25-F6CC-4642-A82C-B573CABF055F}.Debug|Any CPU.ActiveCfg = Debug|Any CPU
		{87C03C25-F6CC-4642-A82C-B573CABF055F}.Debug|Any CPU.Build.0 = Debug|Any CPU
		{87C03C25-F6CC-4642-A82C-B573CABF055F}.Release|Any CPU.ActiveCfg = Release|Any CPU
		{87C03C25-F6CC-4642-A82C-B573CABF055F}.Release|Any CPU.Build.0 = Release|Any CPU
		{34DA2690-41D3-4C13-88A7-A0217906CE09}.Debug|Any CPU.ActiveCfg = Debug|Any CPU
		{34DA2690-41D3-4C13-88A7-A0217906CE09}.Debug|Any CPU.Build.0 = Debug|Any CPU
		{34DA2690-41D3-4C13-88A7-A0217906CE09}.Release|Any CPU.ActiveCfg = Release|Any CPU
		{34DA2690-41D3-4C13-88A7-A0217906CE09}.Release|Any CPU.Build.0 = Release|Any CPU
		{C20D6306-0242-4A32-9BC8-6F393A00EC51}.Debug|Any CPU.ActiveCfg = Debug|Any CPU
		{C20D6306-0242-4A32-9BC8-6F393A00EC51}.Debug|Any CPU.Build.0 = Debug|Any CPU
		{C20D6306-0242-4A32-9BC8-6F393A00EC51}.Release|Any CPU.ActiveCfg = Release|Any CPU
		{C20D6306-0242-4A32-9BC8-6F393A00EC51}.Release|Any CPU.Build.0 = Release|Any CPU
	EndGlobalSection
	GlobalSection(SolutionProperties) = preSolution
		HideSolutionNode = FALSE
	EndGlobalSection
	GlobalSection(ExtensibilityGlobals) = postSolution
		SolutionGuid = {832588FF-8870-4395-8F52-6E555DFCAD40}
	EndGlobalSection
EndGlobal
